# THIS IS AN AUTOGENERATED FILE. DO NOT EDIT THIS FILE DIRECTLY.
# yarn lockfile v1


backender-core@^1.0.0:
  version "1.0.0"
  resolved "https://registry.yarnpkg.com/backender-core/-/backender-core-1.0.0.tgz#cc4b6dfc91a6f472938186434b8197de5132dc01"
  integrity sha512-uAagdD227dDSVI9O7I/+q9W3JitWn2Kjpk4Bd7Zww6f1LPoZmhKIy2WtLcA7PQ635/Ld5n5hqrGzhVE5pdK3jA==

typescript@4.0.3:
  version "4.0.3"
  resolved "https://registry.yarnpkg.com/typescript/-/typescript-4.0.3.tgz#153bbd468ef07725c1df9c77e8b453f8d36abba5"
  integrity sha512-tEu6DGxGgRJPb/mVPIZ48e69xCn2yRmCgYmDugAVwmJ6o+0u1RI18eO7E7WBTLYLaEVVOhwQmcdhQHweux/WPg==
